
Microsoft Visual Studio Solution File, Format Version 12.00
# Visual Studio 14
VisualStudioVersion = 14.0.24720.0
MinimumVisualStudioVersion = 10.0.40219.1
Project("{F2A71F9B-5D33-465A-A702-920D77279786}") = "Manisero.AutoRegistrar", "Manisero.AutoRegistrar\Manisero.AutoRegistrar.fsproj", "{2BC91AB2-BCF9-4B01-A829-67643B4562A6}"
EndProject
Project("{F2A71F9B-5D33-465A-A702-920D77279786}") = "Manisero.AutoRegistrar.Tests", "Manisero.AutoRegistrar.Tests\Manisero.AutoRegistrar.Tests.fsproj", "{AE1FEF17-C548-48B7-A383-E0A8B53910C8}"
EndProject
Project("{2150E333-8FDC-42A3-9474-1A3956D46DE8}") = "TestClasses", "TestClasses", "{A94153A5-10E4-419E-BC69-0A7FCC0B8C6F}"
EndProject
Project("{FAE04EC0-301F-11D3-BF4B-00C04F79EFBC}") = "Manisero.AutoRegistrar.TestClasses", "Manisero.AutoRegistrar.TestClasses\Manisero.AutoRegistrar.TestClasses.csproj", "{58520359-2697-486E-B488-542BD45E3836}"
EndProject
Global
	GlobalSection(SolutionConfigurationPlatforms) = preSolution
		Debug|Any CPU = Debug|Any CPU
		Release|Any CPU = Release|Any CPU
	EndGlobalSection
	GlobalSection(ProjectConfigurationPlatforms) = postSolution
		{2BC91AB2-BCF9-4B01-A829-67643B4562A6}.Debug|Any CPU.ActiveCfg = Debug|Any CPU
		{2BC91AB2-BCF9-4B01-A829-67643B4562A6}.Debug|Any CPU.Build.0 = Debug|Any CPU
		{2BC91AB2-BCF9-4B01-A829-67643B4562A6}.Release|Any CPU.ActiveCfg = Release|Any CPU
		{2BC91AB2-BCF9-4B01-A829-67643B4562A6}.Release|Any CPU.Build.0 = Release|Any CPU
		{AE1FEF17-C548-48B7-A383-E0A8B53910C8}.Debug|Any CPU.ActiveCfg = Debug|Any CPU
		{AE1FEF17-C548-48B7-A383-E0A8B53910C8}.Debug|Any CPU.Build.0 = Debug|Any CPU
		{AE1FEF17-C548-48B7-A383-E0A8B53910C8}.Release|Any CPU.ActiveCfg = Release|Any CPU
		{AE1FEF17-C548-48B7-A383-E0A8B53910C8}.Release|Any CPU.Build.0 = Release|Any CPU
		{58520359-2697-486E-B488-542BD45E3836}.Debug|Any CPU.ActiveCfg = Debug|Any CPU
		{58520359-2697-486E-B488-542BD45E3836}.Debug|Any CPU.Build.0 = Debug|Any CPU
		{58520359-2697-486E-B488-542BD45E3836}.Release|Any CPU.ActiveCfg = Release|Any CPU
		{58520359-2697-486E-B488-542BD45E3836}.Release|Any CPU.Build.0 = Release|Any CPU
	EndGlobalSection
	GlobalSection(SolutionProperties) = preSolution
		HideSolutionNode = FALSE
	EndGlobalSection
	GlobalSection(NestedProjects) = preSolution
		{58520359-2697-486E-B488-542BD45E3836} = {A94153A5-10E4-419E-BC69-0A7FCC0B8C6F}
	EndGlobalSection
EndGlobal
